PODS:
  - ACEDrawingView (2.2.1)
  - RxCocoa (5.0.0):
    - RxRelay (~> 5)
    - RxSwift (~> 5)
  - RxRelay (5.0.0):
    - RxSwift (~> 5)
  - RxSwift (5.0.0)
  - SwiftyTesseract (2.2.0)

DEPENDENCIES:
  - ACEDrawingView (~> 2.2)
  - RxCocoa (~> 5.0)
  - RxSwift (~> 5.0)
  - SwiftyTesseract (~> 2.2)

SPEC REPOS:
  https://github.com/cocoapods/specs.git:
    - ACEDrawingView
    - RxCocoa
    - RxRelay
    - RxSwift
    - SwiftyTesseract

SPEC CHECKSUMS:
  ACEDrawingView: fa6e8461682a54db3ac65151474fc77ef7e54fd2
  RxCocoa: fcf32050ac00d801f34a7f71d5e8e7f23026dcd8
  RxRelay: 4f7409406a51a55cd88483f21ed898c234d60f18
  RxSwift: 8b0671caa829a763bbce7271095859121cbd895f
  SwiftyTesseract: 44a8f4b2b7e5f22b997919f935261d22d28a4917

PODFILE CHECKSUM: bf94c07caed3b633569a51995936d9622f4d2fbe

COCOAPODS: 1.6.1
